
Microsoft Visual Studio Solution File, Format Version 12.00
# Visual Studio 2017
Project("{FAE04EC0-301F-11D3-BF4B-00C04F79EFBC}") = "Megaman-X", "Megaman-X.csproj", "{6232B287-F299-6E36-EDB4-469489853457}"
EndProject
Global
	GlobalSection(SolutionConfigurationPlatforms) = preSolution
		Debug|Any CPU = Debug|Any CPU
		Release|Any CPU = Release|Any CPU
	EndGlobalSection
	GlobalSection(ProjectConfigurationPlatforms) = postSolution
		{6232B287-F299-6E36-EDB4-469489853457}.Debug|Any CPU.ActiveCfg = Debug|Any CPU
		{6232B287-F299-6E36-EDB4-469489853457}.Debug|Any CPU.Build.0 = Debug|Any CPU
		{6232B287-F299-6E36-EDB4-469489853457}.Release|Any CPU.ActiveCfg = Release|Any CPU
		{6232B287-F299-6E36-EDB4-469489853457}.Release|Any CPU.Build.0 = Release|Any CPU
	EndGlobalSection
	GlobalSection(SolutionProperties) = preSolution
		HideSolutionNode = FALSE
	EndGlobalSection
EndGlobal
